
Microsoft Visual Studio Solution File, Format Version 12.00
# Visual Studio 15
VisualStudioVersion = 15.0.28307.271
MinimumVisualStudioVersion = 10.0.40219.1
Project("{8BC9CEB8-8B4A-11D0-8D11-00A0C91BC942}") = "ConsoleApplication8", "ConsoleApplication8\ConsoleApplication8.vcxproj", "{5810A777-C5E1-4B62-86F3-42EB04B3D0EF}"
EndProject
Global
	GlobalSection(SolutionConfigurationPlatforms) = preSolution
		Debug|x64 = Debug|x64
		Debug|x86 = Debug|x86
		Release|x64 = Release|x64
		Release|x86 = Release|x86
	EndGlobalSection
	GlobalSection(ProjectConfigurationPlatforms) = postSolution
		{5810A777-C5E1-4B62-86F3-42EB04B3D0EF}.Debug|x64.ActiveCfg = Debug|x64
		{5810A777-C5E1-4B62-86F3-42EB04B3D0EF}.Debug|x64.Build.0 = Debug|x64
		{5810A777-C5E1-4B62-86F3-42EB04B3D0EF}.Debug|x86.ActiveCfg = Debug|Win32
		{5810A777-C5E1-4B62-86F3-42EB04B3D0EF}.Debug|x86.Build.0 = Debug|Win32
		{5810A777-C5E1-4B62-86F3-42EB04B3D0EF}.Release|x64.ActiveCfg = Release|x64
		{5810A777-C5E1-4B62-86F3-42EB04B3D0EF}.Release|x64.Build.0 = Release|x64
		{5810A777-C5E1-4B62-86F3-42EB04B3D0EF}.Release|x86.ActiveCfg = Release|Win32
		{5810A777-C5E1-4B62-86F3-42EB04B3D0EF}.Release|x86.Build.0 = Release|Win32
	EndGlobalSection
	GlobalSection(SolutionProperties) = preSolution
		HideSolutionNode = FALSE
	EndGlobalSection
	GlobalSection(ExtensibilityGlobals) = postSolution
		SolutionGuid = {1DD2F888-BFA0-4D38-90F5-64990077F829}
	EndGlobalSection
EndGlobal
